// !$*UTF8*$!
{
	archiveVersion = 1;
	classes = {
	};
	objectVersion = 46;
	objects = {

/* Begin PBXBuildFile section */
		73A58BD8174C4EB200778061 /* UIKit.framework in Frameworks */ = {isa = PBXBuildFile; fileRef = 73A58BD7174C4EB200778061 /* UIKit.framework */; };
		73A58BDA174C4EB200778061 /* Foundation.framework in Frameworks */ = {isa = PBXBuildFile; fileRef = 73A58BD9174C4EB200778061 /* Foundation.framework */; };
		73A58BDC174C4EB200778061 /* CoreGraphics.framework in Frameworks */ = {isa = PBXBuildFile; fileRef = 73A58BDB174C4EB200778061 /* CoreGraphics.framework */; };
		73A58BE2174C4EB200778061 /* InfoPlist.strings in Resources */ = {isa = PBXBuildFile; fileRef = 73A58BE0174C4EB200778061 /* InfoPlist.strings */; };
		73A58BE4174C4EB200778061 /* main.m in Sources */ = {isa = PBXBuildFile; fileRef = 73A58BE3174C4EB200778061 /* main.m */; };
		73A58BE8174C4EB200778061 /* AppDelegate.m in Sources */ = {isa = PBXBuildFile; fileRef = 73A58BE7174C4EB200778061 /* AppDelegate.m */; };
		73A58BEA174C4EB200778061 /* Default.png in Resources */ = {isa = PBXBuildFile; fileRef = 73A58BE9174C4EB200778061 /* Default.png */; };
		73A58BEC174C4EB200778061 /* Default@2x.png in Resources */ = {isa = PBXBuildFile; fileRef = 73A58BEB174C4EB200778061 /* Default@2x.png */; };
		73A58BEE174C4EB200778061 /* Default-568h@2x.png in Resources */ = {isa = PBXBuildFile; fileRef = 73A58BED174C4EB200778061 /* Default-568h@2x.png */; };
		73A58BF1174C4EB200778061 /* ViewController.m in Sources */ = {isa = PBXBuildFile; fileRef = 73A58BF0174C4EB200778061 /* ViewController.m */; };
		73A58BF4174C4EB200778061 /* ViewController.xib in Resources */ = {isa = PBXBuildFile; fileRef = 73A58BF2174C4EB200778061 /* ViewController.xib */; };
		73A58BFC174C4EB200778061 /* SenTestingKit.framework in Frameworks */ = {isa = PBXBuildFile; fileRef = 73A58BFB174C4EB200778061 /* SenTestingKit.framework */; };
		73A58BFD174C4EB200778061 /* UIKit.framework in Frameworks */ = {isa = PBXBuildFile; fileRef = 73A58BD7174C4EB200778061 /* UIKit.framework */; };
		73A58BFE174C4EB200778061 /* Foundation.framework in Frameworks */ = {isa = PBXBuildFile; fileRef = 73A58BD9174C4EB200778061 /* Foundation.framework */; };
		73A58C06174C4EB200778061 /* InfoPlist.strings in Resources */ = {isa = PBXBuildFile; fileRef = 73A58C04174C4EB200778061 /* InfoPlist.strings */; };
		73A58C09174C4EB200778061 /* SBUTransitTests.m in Sources */ = {isa = PBXBuildFile; fileRef = 73A58C08174C4EB200778061 /* SBUTransitTests.m */; };
		73A58C13174C4ED300778061 /* GoogleMaps.framework in Frameworks */ = {isa = PBXBuildFile; fileRef = 73A58C12174C4ED300778061 /* GoogleMaps.framework */; };
		73A58C15174C4F3400778061 /* GoogleMaps.bundle in Resources */ = {isa = PBXBuildFile; fileRef = 73A58C14174C4F3400778061 /* GoogleMaps.bundle */; };
		73A58C17174C4F5F00778061 /* AVFoundation.framework in Frameworks */ = {isa = PBXBuildFile; fileRef = 73A58C16174C4F5F00778061 /* AVFoundation.framework */; };
		73A58C19174C4F6800778061 /* CoreData.framework in Frameworks */ = {isa = PBXBuildFile; fileRef = 73A58C18174C4F6800778061 /* CoreData.framework */; };
		73A58C1B174C4F6E00778061 /* CoreLocation.framework in Frameworks */ = {isa = PBXBuildFile; fileRef = 73A58C1A174C4F6E00778061 /* CoreLocation.framework */; };
		73A58C1D174C4F7400778061 /* CoreText.framework in Frameworks */ = {isa = PBXBuildFile; fileRef = 73A58C1C174C4F7400778061 /* CoreText.framework */; };
		73A58C1F174C4F7B00778061 /* GLKit.framework in Frameworks */ = {isa = PBXBuildFile; fileRef = 73A58C1E174C4F7B00778061 /* GLKit.framework */; };
		73A58C21174C4F7F00778061 /* ImageIO.framework in Frameworks */ = {isa = PBXBuildFile; fileRef = 73A58C20174C4F7F00778061 /* ImageIO.framework */; };
		73A58C23174C4F8900778061 /* libc++.dylib in Frameworks */ = {isa = PBXBuildFile; fileRef = 73A58C22174C4F8900778061 /* libc++.dylib */; };
		73A58C25174C4F9100778061 /* libz.dylib in Frameworks */ = {isa = PBXBuildFile; fileRef = 73A58C24174C4F9100778061 /* libz.dylib */; };
		73A58C27174C4FAB00778061 /* libicucore.dylib in Frameworks */ = {isa = PBXBuildFile; fileRef = 73A58C26174C4FAB00778061 /* libicucore.dylib */; };
		73A58C29174C4FB300778061 /* OpenGLES.framework in Frameworks */ = {isa = PBXBuildFile; fileRef = 73A58C28174C4FB300778061 /* OpenGLES.framework */; };
		73A58C2B174C4FB900778061 /* QuartzCore.framework in Frameworks */ = {isa = PBXBuildFile; fileRef = 73A58C2A174C4FB900778061 /* QuartzCore.framework */; };
		73A58C2D174C4FBF00778061 /* SystemConfiguration.framework in Frameworks */ = {isa = PBXBuildFile; fileRef = 73A58C2C174C4FBF00778061 /* SystemConfiguration.framework */; };
		73A58C3D174C53E100778061 /* AKTab.m in Sources */ = {isa = PBXBuildFile; fileRef = 73A58C30174C53E100778061 /* AKTab.m */; };
		73A58C3E174C53E100778061 /* AKTabBar.m in Sources */ = {isa = PBXBuildFile; fileRef = 73A58C32174C53E100778061 /* AKTabBar.m */; };
		73A58C3F174C53E100778061 /* AKTabBarController.bundle in Resources */ = {isa = PBXBuildFile; fileRef = 73A58C34174C53E100778061 /* AKTabBarController.bundle */; };
		73A58C40174C53E100778061 /* AKTabBarController.m in Sources */ = {isa = PBXBuildFile; fileRef = 73A58C36174C53E100778061 /* AKTabBarController.m */; };
		73A58C41174C53E100778061 /* AKTabBarView.m in Sources */ = {isa = PBXBuildFile; fileRef = 73A58C38174C53E100778061 /* AKTabBarView.m */; };
		73A58C42174C53E100778061 /* UINavigationController+AKTabBarController.m in Sources */ = {isa = PBXBuildFile; fileRef = 73A58C3A174C53E100778061 /* UINavigationController+AKTabBarController.m */; };
		73A58C43174C53E100778061 /* UIViewController+AKTabBarController.m in Sources */ = {isa = PBXBuildFile; fileRef = 73A58C3C174C53E100778061 /* UIViewController+AKTabBarController.m */; };
		73A58C46174C6A5500778061 /* bus_stop.png in Resources */ = {isa = PBXBuildFile; fileRef = 73A58C45174C6A5500778061 /* bus_stop.png */; };
		73A58C49174C6A7000778061 /* sb_bus.png in Resources */ = {isa = PBXBuildFile; fileRef = 73A58C47174C6A7000778061 /* sb_bus.png */; };
		73A58C4A174C6A7000778061 /* suffolk_transit.png in Resources */ = {isa = PBXBuildFile; fileRef = 73A58C48174C6A7000778061 /* suffolk_transit.png */; };
/* End PBXBuildFile section */

/* Begin PBXContainerItemProxy section */
		73A58BFF174C4EB200778061 /* PBXContainerItemProxy */ = {
			isa = PBXContainerItemProxy;
			containerPortal = 73A58BCC174C4EB200778061 /* Project object */;
			proxyType = 1;
			remoteGlobalIDString = 73A58BD3174C4EB200778061;
			remoteInfo = SBUTransit;
		};
/* End PBXContainerItemProxy section */

/* Begin PBXFileReference section */
		73A58BD4174C4EB200778061 /* SBUTransit.app */ = {isa = PBXFileReference; explicitFileType = wrapper.application; includeInIndex = 0; path = SBUTransit.app; sourceTree = BUILT_PRODUCTS_DIR; };
		73A58BD7174C4EB200778061 /* UIKit.framework */ = {isa = PBXFileReference; lastKnownFileType = wrapper.framework; name = UIKit.framework; path = System/Library/Frameworks/UIKit.framework; sourceTree = SDKROOT; };
		73A58BD9174C4EB200778061 /* Foundation.framework */ = {isa = PBXFileReference; lastKnownFileType = wrapper.framework; name = Foundation.framework; path = System/Library/Frameworks/Foundation.framework; sourceTree = SDKROOT; };
		73A58BDB174C4EB200778061 /* CoreGraphics.framework */ = {isa = PBXFileReference; lastKnownFileType = wrapper.framework; name = CoreGraphics.framework; path = System/Library/Frameworks/CoreGraphics.framework; sourceTree = SDKROOT; };
		73A58BDF174C4EB200778061 /* SBUTransit-Info.plist */ = {isa = PBXFileReference; lastKnownFileType = text.plist.xml; path = "SBUTransit-Info.plist"; sourceTree = "<group>"; };
		73A58BE1174C4EB200778061 /* en */ = {isa = PBXFileReference; lastKnownFileType = text.plist.strings; name = en; path = en.lproj/InfoPlist.strings; sourceTree = "<group>"; };
		73A58BE3174C4EB200778061 /* main.m */ = {isa = PBXFileReference; lastKnownFileType = sourcecode.c.objc; path = main.m; sourceTree = "<group>"; };
		73A58BE5174C4EB200778061 /* SBUTransit-Prefix.pch */ = {isa = PBXFileReference; lastKnownFileType = sourcecode.c.h; path = "SBUTransit-Prefix.pch"; sourceTree = "<group>"; };
		73A58BE6174C4EB200778061 /* AppDelegate.h */ = {isa = PBXFileReference; lastKnownFileType = sourcecode.c.h; path = AppDelegate.h; sourceTree = "<group>"; };
		73A58BE7174C4EB200778061 /* AppDelegate.m */ = {isa = PBXFileReference; lastKnownFileType = sourcecode.c.objc; path = AppDelegate.m; sourceTree = "<group>"; };
		73A58BE9174C4EB200778061 /* Default.png */ = {isa = PBXFileReference; lastKnownFileType = image.png; path = Default.png; sourceTree = "<group>"; };
		73A58BEB174C4EB200778061 /* Default@2x.png */ = {isa = PBXFileReference; lastKnownFileType = image.png; path = "Default@2x.png"; sourceTree = "<group>"; };
		73A58BED174C4EB200778061 /* Default-568h@2x.png */ = {isa = PBXFileReference; lastKnownFileType = image.png; path = "Default-568h@2x.png"; sourceTree = "<group>"; };
		73A58BEF174C4EB200778061 /* ViewController.h */ = {isa = PBXFileReference; lastKnownFileType = sourcecode.c.h; path = ViewController.h; sourceTree = "<group>"; };
		73A58BF0174C4EB200778061 /* ViewController.m */ = {isa = PBXFileReference; lastKnownFileType = sourcecode.c.objc; path = ViewController.m; sourceTree = "<group>"; };
		73A58BF3174C4EB200778061 /* en */ = {isa = PBXFileReference; lastKnownFileType = file.xib; name = en; path = en.lproj/ViewController.xib; sourceTree = "<group>"; };
		73A58BFA174C4EB200778061 /* SBUTransitTests.octest */ = {isa = PBXFileReference; explicitFileType = wrapper.cfbundle; includeInIndex = 0; path = SBUTransitTests.octest; sourceTree = BUILT_PRODUCTS_DIR; };
		73A58BFB174C4EB200778061 /* SenTestingKit.framework */ = {isa = PBXFileReference; lastKnownFileType = wrapper.framework; name = SenTestingKit.framework; path = Library/Frameworks/SenTestingKit.framework; sourceTree = DEVELOPER_DIR; };
		73A58C03174C4EB200778061 /* SBUTransitTests-Info.plist */ = {isa = PBXFileReference; lastKnownFileType = text.plist.xml; path = "SBUTransitTests-Info.plist"; sourceTree = "<group>"; };
		73A58C05174C4EB200778061 /* en */ = {isa = PBXFileReference; lastKnownFileType = text.plist.strings; name = en; path = en.lproj/InfoPlist.strings; sourceTree = "<group>"; };
		73A58C07174C4EB200778061 /* SBUTransitTests.h */ = {isa = PBXFileReference; lastKnownFileType = sourcecode.c.h; path = SBUTransitTests.h; sourceTree = "<group>"; };
		73A58C08174C4EB200778061 /* SBUTransitTests.m */ = {isa = PBXFileReference; lastKnownFileType = sourcecode.c.objc; path = SBUTransitTests.m; sourceTree = "<group>"; };
		73A58C12174C4ED300778061 /* GoogleMaps.framework */ = {isa = PBXFileReference; lastKnownFileType = wrapper.framework; path = GoogleMaps.framework; sourceTree = "<group>"; };
		73A58C14174C4F3400778061 /* GoogleMaps.bundle */ = {isa = PBXFileReference; lastKnownFileType = "wrapper.plug-in"; name = GoogleMaps.bundle; path = GoogleMaps.framework/Versions/A/Resources/GoogleMaps.bundle; sourceTree = "<group>"; };
		73A58C16174C4F5F00778061 /* AVFoundation.framework */ = {isa = PBXFileReference; lastKnownFileType = wrapper.framework; name = AVFoundation.framework; path = System/Library/Frameworks/AVFoundation.framework; sourceTree = SDKROOT; };
		73A58C18174C4F6800778061 /* CoreData.framework */ = {isa = PBXFileReference; lastKnownFileType = wrapper.framework; name = CoreData.framework; path = System/Library/Frameworks/CoreData.framework; sourceTree = SDKROOT; };
		73A58C1A174C4F6E00778061 /* CoreLocation.framework */ = {isa = PBXFileReference; lastKnownFileType = wrapper.framework; name = CoreLocation.framework; path = System/Library/Frameworks/CoreLocation.framework; sourceTree = SDKROOT; };
		73A58C1C174C4F7400778061 /* CoreText.framework */ = {isa = PBXFileReference; lastKnownFileType = wrapper.framework; name = CoreText.framework; path = System/Library/Frameworks/CoreText.framework; sourceTree = SDKROOT; };
		73A58C1E174C4F7B00778061 /* GLKit.framework */ = {isa = PBXFileReference; lastKnownFileType = wrapper.framework; name = GLKit.framework; path = System/Library/Frameworks/GLKit.framework; sourceTree = SDKROOT; };
		73A58C20174C4F7F00778061 /* ImageIO.framework */ = {isa = PBXFileReference; lastKnownFileType = wrapper.framework; name = ImageIO.framework; path = System/Library/Frameworks/ImageIO.framework; sourceTree = SDKROOT; };
		73A58C22174C4F8900778061 /* libc++.dylib */ = {isa = PBXFileReference; lastKnownFileType = "compiled.mach-o.dylib"; name = "libc++.dylib"; path = "usr/lib/libc++.dylib"; sourceTree = SDKROOT; };
		73A58C24174C4F9100778061 /* libz.dylib */ = {isa = PBXFileReference; lastKnownFileType = "compiled.mach-o.dylib"; name = libz.dylib; path = usr/lib/libz.dylib; sourceTree = SDKROOT; };
		73A58C26174C4FAB00778061 /* libicucore.dylib */ = {isa = PBXFileReference; lastKnownFileType = "compiled.mach-o.dylib"; name = libicucore.dylib; path = usr/lib/libicucore.dylib; sourceTree = SDKROOT; };
		73A58C28174C4FB300778061 /* OpenGLES.framework */ = {isa = PBXFileReference; lastKnownFileType = wrapper.framework; name = OpenGLES.framework; path = System/Library/Frameworks/OpenGLES.framework; sourceTree = SDKROOT; };
		73A58C2A174C4FB900778061 /* QuartzCore.framework */ = {isa = PBXFileReference; lastKnownFileType = wrapper.framework; name = QuartzCore.framework; path = System/Library/Frameworks/QuartzCore.framework; sourceTree = SDKROOT; };
		73A58C2C174C4FBF00778061 /* SystemConfiguration.framework */ = {isa = PBXFileReference; lastKnownFileType = wrapper.framework; name = SystemConfiguration.framework; path = System/Library/Frameworks/SystemConfiguration.framework; sourceTree = SDKROOT; };
		73A58C2F174C53E100778061 /* AKTab.h */ = {isa = PBXFileReference; fileEncoding = 4; lastKnownFileType = sourcecode.c.h; path = AKTab.h; sourceTree = "<group>"; };
		73A58C30174C53E100778061 /* AKTab.m */ = {isa = PBXFileReference; fileEncoding = 4; lastKnownFileType = sourcecode.c.objc; path = AKTab.m; sourceTree = "<group>"; };
		73A58C31174C53E100778061 /* AKTabBar.h */ = {isa = PBXFileReference; fileEncoding = 4; lastKnownFileType = sourcecode.c.h; path = AKTabBar.h; sourceTree = "<group>"; };
		73A58C32174C53E100778061 /* AKTabBar.m */ = {isa = PBXFileReference; fileEncoding = 4; lastKnownFileType = sourcecode.c.objc; path = AKTabBar.m; sourceTree = "<group>"; };
		73A58C33174C53E100778061 /* AKTabBarController-Prefix.pch */ = {isa = PBXFileReference; fileEncoding = 4; lastKnownFileType = sourcecode.c.h; path = "AKTabBarController-Prefix.pch"; sourceTree = "<group>"; };
		73A58C34174C53E100778061 /* AKTabBarController.bundle */ = {isa = PBXFileReference; lastKnownFileType = "wrapper.plug-in"; path = AKTabBarController.bundle; sourceTree = "<group>"; };
		73A58C35174C53E100778061 /* AKTabBarController.h */ = {isa = PBXFileReference; fileEncoding = 4; lastKnownFileType = sourcecode.c.h; path = AKTabBarController.h; sourceTree = "<group>"; };
		73A58C36174C53E100778061 /* AKTabBarController.m */ = {isa = PBXFileReference; fileEncoding = 4; lastKnownFileType = sourcecode.c.objc; path = AKTabBarController.m; sourceTree = "<group>"; };
		73A58C37174C53E100778061 /* AKTabBarView.h */ = {isa = PBXFileReference; fileEncoding = 4; lastKnownFileType = sourcecode.c.h; path = AKTabBarView.h; sourceTree = "<group>"; };
		73A58C38174C53E100778061 /* AKTabBarView.m */ = {isa = PBXFileReference; fileEncoding = 4; lastKnownFileType = sourcecode.c.objc; path = AKTabBarView.m; sourceTree = "<group>"; };
		73A58C39174C53E100778061 /* UINavigationController+AKTabBarController.h */ = {isa = PBXFileReference; fileEncoding = 4; lastKnownFileType = sourcecode.c.h; path = "UINavigationController+AKTabBarController.h"; sourceTree = "<group>"; };
		73A58C3A174C53E100778061 /* UINavigationController+AKTabBarController.m */ = {isa = PBXFileReference; fileEncoding = 4; lastKnownFileType = sourcecode.c.objc; path = "UINavigationController+AKTabBarController.m"; sourceTree = "<group>"; };
		73A58C3B174C53E100778061 /* UIViewController+AKTabBarController.h */ = {isa = PBXFileReference; fileEncoding = 4; lastKnownFileType = sourcecode.c.h; path = "UIViewController+AKTabBarController.h"; sourceTree = "<group>"; };
		73A58C3C174C53E100778061 /* UIViewController+AKTabBarController.m */ = {isa = PBXFileReference; fileEncoding = 4; lastKnownFileType = sourcecode.c.objc; path = "UIViewController+AKTabBarController.m"; sourceTree = "<group>"; };
		73A58C45174C6A5500778061 /* bus_stop.png */ = {isa = PBXFileReference; lastKnownFileType = image.png; path = bus_stop.png; sourceTree = "<group>"; };
		73A58C47174C6A7000778061 /* sb_bus.png */ = {isa = PBXFileReference; lastKnownFileType = image.png; path = sb_bus.png; sourceTree = "<group>"; };
		73A58C48174C6A7000778061 /* suffolk_transit.png */ = {isa = PBXFileReference; lastKnownFileType = image.png; path = suffolk_transit.png; sourceTree = "<group>"; };
/* End PBXFileReference section */

/* Begin PBXFrameworksBuildPhase section */
		73A58BD1174C4EB200778061 /* Frameworks */ = {
			isa = PBXFrameworksBuildPhase;
			buildActionMask = 2147483647;
			files = (
				73A58C2D174C4FBF00778061 /* SystemConfiguration.framework in Frameworks */,
				73A58C2B174C4FB900778061 /* QuartzCore.framework in Frameworks */,
				73A58C29174C4FB300778061 /* OpenGLES.framework in Frameworks */,
				73A58C27174C4FAB00778061 /* libicucore.dylib in Frameworks */,
				73A58C25174C4F9100778061 /* libz.dylib in Frameworks */,
				73A58C23174C4F8900778061 /* libc++.dylib in Frameworks */,
				73A58C21174C4F7F00778061 /* ImageIO.framework in Frameworks */,
				73A58C1F174C4F7B00778061 /* GLKit.framework in Frameworks */,
				73A58C1D174C4F7400778061 /* CoreText.framework in Frameworks */,
				73A58C1B174C4F6E00778061 /* CoreLocation.framework in Frameworks */,
				73A58C19174C4F6800778061 /* CoreData.framework in Frameworks */,
				73A58C17174C4F5F00778061 /* AVFoundation.framework in Frameworks */,
				73A58BD8174C4EB200778061 /* UIKit.framework in Frameworks */,
				73A58BDA174C4EB200778061 /* Foundation.framework in Frameworks */,
				73A58BDC174C4EB200778061 /* CoreGraphics.framework in Frameworks */,
				73A58C13174C4ED300778061 /* GoogleMaps.framework in Frameworks */,
			);
			runOnlyForDeploymentPostprocessing = 0;
		};
		73A58BF6174C4EB200778061 /* Frameworks */ = {
			isa = PBXFrameworksBuildPhase;
			buildActionMask = 2147483647;
			files = (
				73A58BFC174C4EB200778061 /* SenTestingKit.framework in Frameworks */,
				73A58BFD174C4EB200778061 /* UIKit.framework in Frameworks */,
				73A58BFE174C4EB200778061 /* Foundation.framework in Frameworks */,
			);
			runOnlyForDeploymentPostprocessing = 0;
		};
/* End PBXFrameworksBuildPhase section */

/* Begin PBXGroup section */
		73A58BCB174C4EB200778061 = {
			isa = PBXGroup;
			children = (
				73A58C44174C6A2900778061 /* Images */,
				73A58C2E174C53E100778061 /* AKTabBarController */,
				73A58BDD174C4EB200778061 /* SBUTransit */,
				73A58C01174C4EB200778061 /* SBUTransitTests */,
				73A58BD6174C4EB200778061 /* Frameworks */,
				73A58BD5174C4EB200778061 /* Products */,
			);
			sourceTree = "<group>";
		};
		73A58BD5174C4EB200778061 /* Products */ = {
			isa = PBXGroup;
			children = (
				73A58BD4174C4EB200778061 /* SBUTransit.app */,
				73A58BFA174C4EB200778061 /* SBUTransitTests.octest */,
			);
			name = Products;
			sourceTree = "<group>";
		};
		73A58BD6174C4EB200778061 /* Frameworks */ = {
			isa = PBXGroup;
			children = (
				73A58C2C174C4FBF00778061 /* SystemConfiguration.framework */,
				73A58C2A174C4FB900778061 /* QuartzCore.framework */,
				73A58C28174C4FB300778061 /* OpenGLES.framework */,
				73A58C26174C4FAB00778061 /* libicucore.dylib */,
				73A58C24174C4F9100778061 /* libz.dylib */,
				73A58C22174C4F8900778061 /* libc++.dylib */,
				73A58C20174C4F7F00778061 /* ImageIO.framework */,
				73A58C1E174C4F7B00778061 /* GLKit.framework */,
				73A58C1C174C4F7400778061 /* CoreText.framework */,
				73A58C1A174C4F6E00778061 /* CoreLocation.framework */,
				73A58C18174C4F6800778061 /* CoreData.framework */,
				73A58C16174C4F5F00778061 /* AVFoundation.framework */,
				73A58C14174C4F3400778061 /* GoogleMaps.bundle */,
				73A58C12174C4ED300778061 /* GoogleMaps.framework */,
				73A58BD7174C4EB200778061 /* UIKit.framework */,
				73A58BD9174C4EB200778061 /* Foundation.framework */,
				73A58BDB174C4EB200778061 /* CoreGraphics.framework */,
				73A58BFB174C4EB200778061 /* SenTestingKit.framework */,
			);
			name = Frameworks;
			sourceTree = "<group>";
		};
		73A58BDD174C4EB200778061 /* SBUTransit */ = {
			isa = PBXGroup;
			children = (
				73A58BE6174C4EB200778061 /* AppDelegate.h */,
				73A58BE7174C4EB200778061 /* AppDelegate.m */,
				73A58BEF174C4EB200778061 /* ViewController.h */,
				73A58BF0174C4EB200778061 /* ViewController.m */,
				73A58BF2174C4EB200778061 /* ViewController.xib */,
				73A58BDE174C4EB200778061 /* Supporting Files */,
			);
			path = SBUTransit;
			sourceTree = "<group>";
		};
		73A58BDE174C4EB200778061 /* Supporting Files */ = {
			isa = PBXGroup;
			children = (
				73A58BDF174C4EB200778061 /* SBUTransit-Info.plist */,
				73A58BE0174C4EB200778061 /* InfoPlist.strings */,
				73A58BE3174C4EB200778061 /* main.m */,
				73A58BE5174C4EB200778061 /* SBUTransit-Prefix.pch */,
				73A58BE9174C4EB200778061 /* Default.png */,
				73A58BEB174C4EB200778061 /* Default@2x.png */,
				73A58BED174C4EB200778061 /* Default-568h@2x.png */,
			);
			name = "Supporting Files";
			sourceTree = "<group>";
		};
		73A58C01174C4EB200778061 /* SBUTransitTests */ = {
			isa = PBXGroup;
			children = (
				73A58C07174C4EB200778061 /* SBUTransitTests.h */,
				73A58C08174C4EB200778061 /* SBUTransitTests.m */,
				73A58C02174C4EB200778061 /* Supporting Files */,
			);
			path = SBUTransitTests;
			sourceTree = "<group>";
		};
		73A58C02174C4EB200778061 /* Supporting Files */ = {
			isa = PBXGroup;
			children = (
				73A58C03174C4EB200778061 /* SBUTransitTests-Info.plist */,
				73A58C04174C4EB200778061 /* InfoPlist.strings */,
			);
			name = "Supporting Files";
			sourceTree = "<group>";
		};
		73A58C2E174C53E100778061 /* AKTabBarController */ = {
			isa = PBXGroup;
			children = (
				73A58C2F174C53E100778061 /* AKTab.h */,
				73A58C30174C53E100778061 /* AKTab.m */,
				73A58C31174C53E100778061 /* AKTabBar.h */,
				73A58C32174C53E100778061 /* AKTabBar.m */,
				73A58C33174C53E100778061 /* AKTabBarController-Prefix.pch */,
				73A58C34174C53E100778061 /* AKTabBarController.bundle */,
				73A58C35174C53E100778061 /* AKTabBarController.h */,
				73A58C36174C53E100778061 /* AKTabBarController.m */,
				73A58C37174C53E100778061 /* AKTabBarView.h */,
				73A58C38174C53E100778061 /* AKTabBarView.m */,
				73A58C39174C53E100778061 /* UINavigationController+AKTabBarController.h */,
				73A58C3A174C53E100778061 /* UINavigationController+AKTabBarController.m */,
				73A58C3B174C53E100778061 /* UIViewController+AKTabBarController.h */,
				73A58C3C174C53E100778061 /* UIViewController+AKTabBarController.m */,
			);
			path = AKTabBarController;
			sourceTree = "<group>";
		};
		73A58C44174C6A2900778061 /* Images */ = {
			isa = PBXGroup;
			children = (
				73A58C47174C6A7000778061 /* sb_bus.png */,
				73A58C48174C6A7000778061 /* suffolk_transit.png */,
				73A58C45174C6A5500778061 /* bus_stop.png */,
			);
			name = Images;
			sourceTree = "<group>";
		};
/* End PBXGroup section */

/* Begin PBXNativeTarget section */
		73A58BD3174C4EB200778061 /* SBUTransit */ = {
			isa = PBXNativeTarget;
			buildConfigurationList = 73A58C0C174C4EB200778061 /* Build configuration list for PBXNativeTarget "SBUTransit" */;
			buildPhases = (
				73A58BD0174C4EB200778061 /* Sources */,
				73A58BD1174C4EB200778061 /* Frameworks */,
				73A58BD2174C4EB200778061 /* Resources */,
			);
			buildRules = (
			);
			dependencies = (
			);
			name = SBUTransit;
			productName = SBUTransit;
			productReference = 73A58BD4174C4EB200778061 /* SBUTransit.app */;
			productType = "com.apple.product-type.application";
		};
		73A58BF9174C4EB200778061 /* SBUTransitTests */ = {
			isa = PBXNativeTarget;
			buildConfigurationList = 73A58C0F174C4EB200778061 /* Build configuration list for PBXNativeTarget "SBUTransitTests" */;
			buildPhases = (
				73A58BF5174C4EB200778061 /* Sources */,
				73A58BF6174C4EB200778061 /* Frameworks */,
				73A58BF7174C4EB200778061 /* Resources */,
				73A58BF8174C4EB200778061 /* ShellScript */,
			);
			buildRules = (
			);
			dependencies = (
				73A58C00174C4EB200778061 /* PBXTargetDependency */,
			);
			name = SBUTransitTests;
			productName = SBUTransitTests;
			productReference = 73A58BFA174C4EB200778061 /* SBUTransitTests.octest */;
			productType = "com.apple.product-type.bundle";
		};
/* End PBXNativeTarget section */

/* Begin PBXProject section */
		73A58BCC174C4EB200778061 /* Project object */ = {
			isa = PBXProject;
			attributes = {
				LastUpgradeCheck = 0460;
				ORGANIZATIONNAME = "Christian Turkoanje";
			};
			buildConfigurationList = 73A58BCF174C4EB200778061 /* Build configuration list for PBXProject "SBUTransit" */;
			compatibilityVersion = "Xcode 3.2";
			developmentRegion = English;
			hasScannedForEncodings = 0;
			knownRegions = (
				en,
			);
			mainGroup = 73A58BCB174C4EB200778061;
			productRefGroup = 73A58BD5174C4EB200778061 /* Products */;
			projectDirPath = "";
			projectRoot = "";
			targets = (
				73A58BD3174C4EB200778061 /* SBUTransit */,
				73A58BF9174C4EB200778061 /* SBUTransitTests */,
			);
		};
/* End PBXProject section */

/* Begin PBXResourcesBuildPhase section */
		73A58BD2174C4EB200778061 /* Resources */ = {
			isa = PBXResourcesBuildPhase;
			buildActionMask = 2147483647;
			files = (
				73A58BE2174C4EB200778061 /* InfoPlist.strings in Resources */,
				73A58BEA174C4EB200778061 /* Default.png in Resources */,
				73A58BEC174C4EB200778061 /* Default@2x.png in Resources */,
				73A58BEE174C4EB200778061 /* Default-568h@2x.png in Resources */,
				73A58BF4174C4EB200778061 /* ViewController.xib in Resources */,
				73A58C15174C4F3400778061 /* GoogleMaps.bundle in Resources */,
				73A58C3F174C53E100778061 /* AKTabBarController.bundle in Resources */,
				73A58C46174C6A5500778061 /* bus_stop.png in Resources */,
				73A58C49174C6A7000778061 /* sb_bus.png in Resources */,
				73A58C4A174C6A7000778061 /* suffolk_transit.png in Resources */,
			);
			runOnlyForDeploymentPostprocessing = 0;
		};
		73A58BF7174C4EB200778061 /* Resources */ = {
			isa = PBXResourcesBuildPhase;
			buildActionMask = 2147483647;
			files = (
				73A58C06174C4EB200778061 /* InfoPlist.strings in Resources */,
			);
			runOnlyForDeploymentPostprocessing = 0;
		};
/* End PBXResourcesBuildPhase section */

/* Begin PBXShellScriptBuildPhase section */
		73A58BF8174C4EB200778061 /* ShellScript */ = {
			isa = PBXShellScriptBuildPhase;
			buildActionMask = 2147483647;
			files = (
			);
			inputPaths = (
			);
			outputPaths = (
			);
			runOnlyForDeploymentPostprocessing = 0;
			shellPath = /bin/sh;
			shellScript = "# Run the unit tests in this test bundle.\n\"${SYSTEM_DEVELOPER_DIR}/Tools/RunUnitTests\"\n";
		};
/* End PBXShellScriptBuildPhase section */

/* Begin PBXSourcesBuildPhase section */
		73A58BD0174C4EB200778061 /* Sources */ = {
			isa = PBXSourcesBuildPhase;
			buildActionMask = 2147483647;
			files = (
				73A58BE4174C4EB200778061 /* main.m in Sources */,
				73A58BE8174C4EB200778061 /* AppDelegate.m in Sources */,
				73A58BF1174C4EB200778061 /* ViewController.m in Sources */,
				73A58C3D174C53E100778061 /* AKTab.m in Sources */,
				73A58C3E174C53E100778061 /* AKTabBar.m in Sources */,
				73A58C40174C53E100778061 /* AKTabBarController.m in Sources */,
				73A58C41174C53E100778061 /* AKTabBarView.m in Sources */,
				73A58C42174C53E100778061 /* UINavigationController+AKTabBarController.m in Sources */,
				73A58C43174C53E100778061 /* UIViewController+AKTabBarController.m in Sources */,
			);
			runOnlyForDeploymentPostprocessing = 0;
		};
		73A58BF5174C4EB200778061 /* Sources */ = {
			isa = PBXSourcesBuildPhase;
			buildActionMask = 2147483647;
			files = (
				73A58C09174C4EB200778061 /* SBUTransitTests.m in Sources */,
			);
			runOnlyForDeploymentPostprocessing = 0;
		};
/* End PBXSourcesBuildPhase section */

/* Begin PBXTargetDependency section */
		73A58C00174C4EB200778061 /* PBXTargetDependency */ = {
			isa = PBXTargetDependency;
			target = 73A58BD3174C4EB200778061 /* SBUTransit */;
			targetProxy = 73A58BFF174C4EB200778061 /* PBXContainerItemProxy */;
		};
/* End PBXTargetDependency section */

/* Begin PBXVariantGroup section */
		73A58BE0174C4EB200778061 /* InfoPlist.strings */ = {
			isa = PBXVariantGroup;
			children = (
				73A58BE1174C4EB200778061 /* en */,
			);
			name = InfoPlist.strings;
			sourceTree = "<group>";
		};
		73A58BF2174C4EB200778061 /* ViewController.xib */ = {
			isa = PBXVariantGroup;
			children = (
				73A58BF3174C4EB200778061 /* en */,
			);
			name = ViewController.xib;
			sourceTree = "<group>";
		};
		73A58C04174C4EB200778061 /* InfoPlist.strings */ = {
			isa = PBXVariantGroup;
			children = (
				73A58C05174C4EB200778061 /* en */,
			);
			name = InfoPlist.strings;
			sourceTree = "<group>";
		};
/* End PBXVariantGroup section */

/* Begin XCBuildConfiguration section */
		73A58C0A174C4EB200778061 /* Debug */ = {
			isa = XCBuildConfiguration;
			buildSettings = {
				ALWAYS_SEARCH_USER_PATHS = NO;
				CLANG_CXX_LANGUAGE_STANDARD = "gnu++0x";
				CLANG_CXX_LIBRARY = "libc++";
				CLANG_ENABLE_OBJC_ARC = YES;
				CLANG_WARN_CONSTANT_CONVERSION = YES;
				CLANG_WARN_EMPTY_BODY = YES;
				CLANG_WARN_ENUM_CONVERSION = YES;
				CLANG_WARN_INT_CONVERSION = YES;
				CLANG_WARN__DUPLICATE_METHOD_MATCH = YES;
				"CODE_SIGN_IDENTITY[sdk=iphoneos*]" = "iPhone Developer";
				COPY_PHASE_STRIP = NO;
				GCC_C_LANGUAGE_STANDARD = gnu99;
				GCC_DYNAMIC_NO_PIC = NO;
				GCC_OPTIMIZATION_LEVEL = 0;
				GCC_PREPROCESSOR_DEFINITIONS = (
					"DEBUG=1",
					"$(inherited)",
				);
				GCC_SYMBOLS_PRIVATE_EXTERN = NO;
				GCC_WARN_ABOUT_RETURN_TYPE = YES;
				GCC_WARN_UNINITIALIZED_AUTOS = YES;
				GCC_WARN_UNUSED_VARIABLE = YES;
				IPHONEOS_DEPLOYMENT_TARGET = 6.1;
				ONLY_ACTIVE_ARCH = YES;
				SDKROOT = iphoneos;
			};
			name = Debug;
		};
		73A58C0B174C4EB200778061 /* Release */ = {
			isa = XCBuildConfiguration;
			buildSettings = {
				ALWAYS_SEARCH_USER_PATHS = NO;
				CLANG_CXX_LANGUAGE_STANDARD = "gnu++0x";
				CLANG_CXX_LIBRARY = "libc++";
				CLANG_ENABLE_OBJC_ARC = YES;
				CLANG_WARN_CONSTANT_CONVERSION = YES;
				CLANG_WARN_EMPTY_BODY = YES;
				CLANG_WARN_ENUM_CONVERSION = YES;
				CLANG_WARN_INT_CONVERSION = YES;
				CLANG_WARN__DUPLICATE_METHOD_MATCH = YES;
				"CODE_SIGN_IDENTITY[sdk=iphoneos*]" = "iPhone Developer";
				COPY_PHASE_STRIP = YES;
				GCC_C_LANGUAGE_STANDARD = gnu99;
				GCC_WARN_ABOUT_RETURN_TYPE = YES;
				GCC_WARN_UNINITIALIZED_AUTOS = YES;
				GCC_WARN_UNUSED_VARIABLE = YES;
				IPHONEOS_DEPLOYMENT_TARGET = 6.1;
				OTHER_CFLAGS = "-DNS_BLOCK_ASSERTIONS=1";
				SDKROOT = iphoneos;
				VALIDATE_PRODUCT = YES;
			};
			name = Release;
		};
		73A58C0D174C4EB200778061 /* Debug */ = {
			isa = XCBuildConfiguration;
			buildSettings = {
				FRAMEWORK_SEARCH_PATHS = (
					"$(inherited)",
					"\"$(SRCROOT)\"",
				);
				GCC_PRECOMPILE_PREFIX_HEADER = YES;
				GCC_PREFIX_HEADER = "SBUTransit/SBUTransit-Prefix.pch";
				INFOPLIST_FILE = "SBUTransit/SBUTransit-Info.plist";
				OTHER_LDFLAGS = "-ObjC";
				PRODUCT_NAME = "$(TARGET_NAME)";
				WRAPPER_EXTENSION = app;
			};
			name = Debug;
		};
		73A58C0E174C4EB200778061 /* Release */ = {
			isa = XCBuildConfiguration;
			buildSettings = {
				FRAMEWORK_SEARCH_PATHS = (
					"$(inherited)",
					"\"$(SRCROOT)\"",
				);
				GCC_PRECOMPILE_PREFIX_HEADER = YES;
				GCC_PREFIX_HEADER = "SBUTransit/SBUTransit-Prefix.pch";
				INFOPLIST_FILE = "SBUTransit/SBUTransit-Info.plist";
				OTHER_LDFLAGS = "-ObjC";
				PRODUCT_NAME = "$(TARGET_NAME)";
				WRAPPER_EXTENSION = app;
			};
			name = Release;
		};
		73A58C10174C4EB200778061 /* Debug */ = {
			isa = XCBuildConfiguration;
			buildSettings = {
				BUNDLE_LOADER = "$(BUILT_PRODUCTS_DIR)/SBUTransit.app/SBUTransit";
				FRAMEWORK_SEARCH_PATHS = (
					"\"$(SDKROOT)/Developer/Library/Frameworks\"",
					"\"$(DEVELOPER_LIBRARY_DIR)/Frameworks\"",
				);
				GCC_PRECOMPILE_PREFIX_HEADER = YES;
				GCC_PREFIX_HEADER = "SBUTransit/SBUTransit-Prefix.pch";
				INFOPLIST_FILE = "SBUTransitTests/SBUTransitTests-Info.plist";
				PRODUCT_NAME = "$(TARGET_NAME)";
				TEST_HOST = "$(BUNDLE_LOADER)";
				WRAPPER_EXTENSION = octest;
			};
			name = Debug;
		};
		73A58C11174C4EB200778061 /* Release */ = {
			isa = XCBuildConfiguration;
			buildSettings = {
				BUNDLE_LOADER = "$(BUILT_PRODUCTS_DIR)/SBUTransit.app/SBUTransit";
				FRAMEWORK_SEARCH_PATHS = (
					"\"$(SDKROOT)/Developer/Library/Frameworks\"",
					"\"$(DEVELOPER_LIBRARY_DIR)/Frameworks\"",
				);
				GCC_PRECOMPILE_PREFIX_HEADER = YES;
				GCC_PREFIX_HEADER = "SBUTransit/SBUTransit-Prefix.pch";
				INFOPLIST_FILE = "SBUTransitTests/SBUTransitTests-Info.plist";
				PRODUCT_NAME = "$(TARGET_NAME)";
				TEST_HOST = "$(BUNDLE_LOADER)";
				WRAPPER_EXTENSION = octest;
			};
			name = Release;
		};
/* End XCBuildConfiguration section */

/* Begin XCConfigurationList section */
		73A58BCF174C4EB200778061 /* Build configuration list for PBXProject "SBUTransit" */ = {
			isa = XCConfigurationList;
			buildConfigurations = (
				73A58C0A174C4EB200778061 /* Debug */,
				73A58C0B174C4EB200778061 /* Release */,
			);
			defaultConfigurationIsVisible = 0;
			defaultConfigurationName = Release;
		};
		73A58C0C174C4EB200778061 /* Build configuration list for PBXNativeTarget "SBUTransit" */ = {
			isa = XCConfigurationList;
			buildConfigurations = (
				73A58C0D174C4EB200778061 /* Debug */,
				73A58C0E174C4EB200778061 /* Release */,
			);
			defaultConfigurationIsVisible = 0;
		};
		73A58C0F174C4EB200778061 /* Build configuration list for PBXNativeTarget "SBUTransitTests" */ = {
			isa = XCConfigurationList;
			buildConfigurations = (
				73A58C10174C4EB200778061 /* Debug */,
				73A58C11174C4EB200778061 /* Release */,
			);
			defaultConfigurationIsVisible = 0;
		};
/* End XCConfigurationList section */
	};
	rootObject = 73A58BCC174C4EB200778061 /* Project object */;
}
